
Microsoft Visual Studio Solution File, Format Version 9.00
# Visual C++ Express 2005
Project("{8BC9CEB8-8B4A-11D0-8D11-00A0C91BC942}") = "ImportRename", "ImportRename.vcproj", "{CAD10976-B023-4DC6-B990-B4F4CE184E61}"
EndProject
Global
	GlobalSection(SolutionConfigurationPlatforms) = preSolution
		Debug|Win32 = Debug|Win32
		Release|Win32 = Release|Win32
	EndGlobalSection
	GlobalSection(ProjectConfigurationPlatforms) = postSolution
		{CAD10976-B023-4DC6-B990-B4F4CE184E61}.Debug|Win32.ActiveCfg = Debug|Win32
		{CAD10976-B023-4DC6-B990-B4F4CE184E61}.Debug|Win32.Build.0 = Debug|Win32
		{CAD10976-B023-4DC6-B990-B4F4CE184E61}.Release|Win32.ActiveCfg = Release|Win32
		{CAD10976-B023-4DC6-B990-B4F4CE184E61}.Release|Win32.Build.0 = Release|Win32
	EndGlobalSection
	GlobalSection(SolutionProperties) = preSolution
		HideSolutionNode = FALSE
	EndGlobalSection
EndGlobal
